
Microsoft Visual Studio Solution File, Format Version 10.00
# Visual Studio 2008
Project("{FAE04EC0-301F-11D3-BF4B-00C04F79EFBC}") = "TestWpf", "..\..\..\..\codes\forVsnet\TestWpf\TestWpf\TestWpf.csproj", "{E98D6BE5-EDF3-4F60-95C0-4909691145FF}"
EndProject
Project("{FAE04EC0-301F-11D3-BF4B-00C04F79EFBC}") = "expenseit", "..\..\..\..\codes\forVsnet\ExpenseItIntro\csharp\expenseit.csproj", "{7D176649-97CD-414F-8356-4F5C83CFA755}"
EndProject
Project("{FAE04EC0-301F-11D3-BF4B-00C04F79EFBC}") = "ClothSearch", "ClothSearch\ClothSearch.csproj", "{E629C317-FD10-45B9-81B2-7B4A3514EC7D}"
EndProject
Project("{FAE04EC0-301F-11D3-BF4B-00C04F79EFBC}") = "ClothSearchTest", "ClothSearchTest\ClothSearchTest.csproj", "{05387655-6845-4F49-9604-C6530BCAD10A}"
EndProject
Project("{FAE04EC0-301F-11D3-BF4B-00C04F79EFBC}") = "TestPerst", "TestPerst\TestPerst.csproj", "{C5614A99-D190-415F-8342-7497DCFD1669}"
EndProject
Project("{FAE04EC0-301F-11D3-BF4B-00C04F79EFBC}") = "CheckBoxComboBox", "CheckBoxComboBox\CheckBoxComboBox.csproj", "{70A25201-8EA4-48F8-A4A6-ED13ADF8823C}"
EndProject
Project("{FAE04EC0-301F-11D3-BF4B-00C04F79EFBC}") = "DemoApp", "..\..\..\..\codes\forVsnet\extending_combobox\DemoApp\DemoApp.csproj", "{8131B3D3-1BAF-438F-946E-56DA6D6FC53A}"
EndProject
Project("{FAE04EC0-301F-11D3-BF4B-00C04F79EFBC}") = "progressbar", "..\..\..\..\codes\forVsnet\ProgressBar\csharp\progressbar.csproj", "{32AAFFC0-6E41-44E8-87FA-D82F6C1601E7}"
EndProject
Project("{FAE04EC0-301F-11D3-BF4B-00C04F79EFBC}") = "TestMultiThreadUpdateUI", "TestMultiThreadUpdateUI\TestMultiThreadUpdateUI.csproj", "{8D28FC27-B9FB-4B2A-956A-24638D75EFCA}"
EndProject
Project("{8BC9CEB8-8B4A-11D0-8D11-00A0C91BC942}") = "ImageMatcher", "ImageMatcher\ImageMatcher.vcproj", "{0C390870-2B41-4661-BEFA-FBCC40037753}"
EndProject
Project("{FAE04EC0-301F-11D3-BF4B-00C04F79EFBC}") = "TestCppDll", "TestCppDll\TestCppDll.csproj", "{59FA4686-19C9-4C19-87AF-9EAB3B0EB382}"
EndProject
Project("{FAE04EC0-301F-11D3-BF4B-00C04F79EFBC}") = "TestObjectSize", "TestObjectSize\TestObjectSize.csproj", "{6E5A6B60-C9A1-4432-9CA4-3E492F762D06}"
EndProject
Global
	GlobalSection(SolutionConfigurationPlatforms) = preSolution
		Debug|Any CPU = Debug|Any CPU
		Debug|Mixed Platforms = Debug|Mixed Platforms
		Debug|Win32 = Debug|Win32
		Release|Any CPU = Release|Any CPU
		Release|Mixed Platforms = Release|Mixed Platforms
		Release|Win32 = Release|Win32
	EndGlobalSection
	GlobalSection(ProjectConfigurationPlatforms) = postSolution
		{E98D6BE5-EDF3-4F60-95C0-4909691145FF}.Debug|Any CPU.ActiveCfg = Debug|Any CPU
		{E98D6BE5-EDF3-4F60-95C0-4909691145FF}.Debug|Any CPU.Build.0 = Debug|Any CPU
		{E98D6BE5-EDF3-4F60-95C0-4909691145FF}.Debug|Mixed Platforms.ActiveCfg = Debug|Any CPU
		{E98D6BE5-EDF3-4F60-95C0-4909691145FF}.Debug|Win32.ActiveCfg = Debug|Any CPU
		{E98D6BE5-EDF3-4F60-95C0-4909691145FF}.Release|Any CPU.ActiveCfg = Release|Any CPU
		{E98D6BE5-EDF3-4F60-95C0-4909691145FF}.Release|Any CPU.Build.0 = Release|Any CPU
		{E98D6BE5-EDF3-4F60-95C0-4909691145FF}.Release|Mixed Platforms.ActiveCfg = Release|Any CPU
		{E98D6BE5-EDF3-4F60-95C0-4909691145FF}.Release|Win32.ActiveCfg = Release|Any CPU
		{7D176649-97CD-414F-8356-4F5C83CFA755}.Debug|Any CPU.ActiveCfg = Debug|Any CPU
		{7D176649-97CD-414F-8356-4F5C83CFA755}.Debug|Any CPU.Build.0 = Debug|Any CPU
		{7D176649-97CD-414F-8356-4F5C83CFA755}.Debug|Mixed Platforms.ActiveCfg = Debug|Any CPU
		{7D176649-97CD-414F-8356-4F5C83CFA755}.Debug|Win32.ActiveCfg = Debug|Any CPU
		{7D176649-97CD-414F-8356-4F5C83CFA755}.Release|Any CPU.ActiveCfg = Debug|Any CPU
		{7D176649-97CD-414F-8356-4F5C83CFA755}.Release|Any CPU.Build.0 = Debug|Any CPU
		{7D176649-97CD-414F-8356-4F5C83CFA755}.Release|Mixed Platforms.ActiveCfg = Debug|Any CPU
		{7D176649-97CD-414F-8356-4F5C83CFA755}.Release|Win32.ActiveCfg = Debug|Any CPU
		{E629C317-FD10-45B9-81B2-7B4A3514EC7D}.Debug|Any CPU.ActiveCfg = Debug|Any CPU
		{E629C317-FD10-45B9-81B2-7B4A3514EC7D}.Debug|Any CPU.Build.0 = Debug|Any CPU
		{E629C317-FD10-45B9-81B2-7B4A3514EC7D}.Debug|Mixed Platforms.ActiveCfg = Debug|Any CPU
		{E629C317-FD10-45B9-81B2-7B4A3514EC7D}.Debug|Mixed Platforms.Build.0 = Debug|Any CPU
		{E629C317-FD10-45B9-81B2-7B4A3514EC7D}.Debug|Win32.ActiveCfg = Debug|Any CPU
		{E629C317-FD10-45B9-81B2-7B4A3514EC7D}.Release|Any CPU.ActiveCfg = Release|Any CPU
		{E629C317-FD10-45B9-81B2-7B4A3514EC7D}.Release|Any CPU.Build.0 = Release|Any CPU
		{E629C317-FD10-45B9-81B2-7B4A3514EC7D}.Release|Mixed Platforms.ActiveCfg = Release|Any CPU
		{E629C317-FD10-45B9-81B2-7B4A3514EC7D}.Release|Mixed Platforms.Build.0 = Release|Any CPU
		{E629C317-FD10-45B9-81B2-7B4A3514EC7D}.Release|Win32.ActiveCfg = Release|Any CPU
		{05387655-6845-4F49-9604-C6530BCAD10A}.Debug|Any CPU.ActiveCfg = Debug|Any CPU
		{05387655-6845-4F49-9604-C6530BCAD10A}.Debug|Any CPU.Build.0 = Debug|Any CPU
		{05387655-6845-4F49-9604-C6530BCAD10A}.Debug|Mixed Platforms.ActiveCfg = Debug|Any CPU
		{05387655-6845-4F49-9604-C6530BCAD10A}.Debug|Mixed Platforms.Build.0 = Debug|Any CPU
		{05387655-6845-4F49-9604-C6530BCAD10A}.Debug|Win32.ActiveCfg = Debug|Any CPU
		{05387655-6845-4F49-9604-C6530BCAD10A}.Release|Any CPU.ActiveCfg = Release|Any CPU
		{05387655-6845-4F49-9604-C6530BCAD10A}.Release|Any CPU.Build.0 = Release|Any CPU
		{05387655-6845-4F49-9604-C6530BCAD10A}.Release|Mixed Platforms.ActiveCfg = Release|Any CPU
		{05387655-6845-4F49-9604-C6530BCAD10A}.Release|Mixed Platforms.Build.0 = Release|Any CPU
		{05387655-6845-4F49-9604-C6530BCAD10A}.Release|Win32.ActiveCfg = Release|Any CPU
		{C5614A99-D190-415F-8342-7497DCFD1669}.Debug|Any CPU.ActiveCfg = Debug|Any CPU
		{C5614A99-D190-415F-8342-7497DCFD1669}.Debug|Any CPU.Build.0 = Debug|Any CPU
		{C5614A99-D190-415F-8342-7497DCFD1669}.Debug|Mixed Platforms.ActiveCfg = Debug|Any CPU
		{C5614A99-D190-415F-8342-7497DCFD1669}.Debug|Win32.ActiveCfg = Debug|Any CPU
		{C5614A99-D190-415F-8342-7497DCFD1669}.Release|Any CPU.ActiveCfg = Release|Any CPU
		{C5614A99-D190-415F-8342-7497DCFD1669}.Release|Any CPU.Build.0 = Release|Any CPU
		{C5614A99-D190-415F-8342-7497DCFD1669}.Release|Mixed Platforms.ActiveCfg = Release|Any CPU
		{C5614A99-D190-415F-8342-7497DCFD1669}.Release|Win32.ActiveCfg = Release|Any CPU
		{70A25201-8EA4-48F8-A4A6-ED13ADF8823C}.Debug|Any CPU.ActiveCfg = Debug|Any CPU
		{70A25201-8EA4-48F8-A4A6-ED13ADF8823C}.Debug|Any CPU.Build.0 = Debug|Any CPU
		{70A25201-8EA4-48F8-A4A6-ED13ADF8823C}.Debug|Mixed Platforms.ActiveCfg = Debug|Any CPU
		{70A25201-8EA4-48F8-A4A6-ED13ADF8823C}.Debug|Win32.ActiveCfg = Debug|Any CPU
		{70A25201-8EA4-48F8-A4A6-ED13ADF8823C}.Release|Any CPU.ActiveCfg = Release|Any CPU
		{70A25201-8EA4-48F8-A4A6-ED13ADF8823C}.Release|Any CPU.Build.0 = Release|Any CPU
		{70A25201-8EA4-48F8-A4A6-ED13ADF8823C}.Release|Mixed Platforms.ActiveCfg = Release|Any CPU
		{70A25201-8EA4-48F8-A4A6-ED13ADF8823C}.Release|Win32.ActiveCfg = Release|Any CPU
		{8131B3D3-1BAF-438F-946E-56DA6D6FC53A}.Debug|Any CPU.ActiveCfg = Debug|Any CPU
		{8131B3D3-1BAF-438F-946E-56DA6D6FC53A}.Debug|Any CPU.Build.0 = Debug|Any CPU
		{8131B3D3-1BAF-438F-946E-56DA6D6FC53A}.Debug|Mixed Platforms.ActiveCfg = Debug|Any CPU
		{8131B3D3-1BAF-438F-946E-56DA6D6FC53A}.Debug|Win32.ActiveCfg = Debug|Any CPU
		{8131B3D3-1BAF-438F-946E-56DA6D6FC53A}.Release|Any CPU.ActiveCfg = Release|Any CPU
		{8131B3D3-1BAF-438F-946E-56DA6D6FC53A}.Release|Any CPU.Build.0 = Release|Any CPU
		{8131B3D3-1BAF-438F-946E-56DA6D6FC53A}.Release|Mixed Platforms.ActiveCfg = Release|Any CPU
		{8131B3D3-1BAF-438F-946E-56DA6D6FC53A}.Release|Win32.ActiveCfg = Release|Any CPU
		{32AAFFC0-6E41-44E8-87FA-D82F6C1601E7}.Debug|Any CPU.ActiveCfg = Debug|Any CPU
		{32AAFFC0-6E41-44E8-87FA-D82F6C1601E7}.Debug|Any CPU.Build.0 = Debug|Any CPU
		{32AAFFC0-6E41-44E8-87FA-D82F6C1601E7}.Debug|Mixed Platforms.ActiveCfg = Debug|Any CPU
		{32AAFFC0-6E41-44E8-87FA-D82F6C1601E7}.Debug|Mixed Platforms.Build.0 = Debug|Any CPU
		{32AAFFC0-6E41-44E8-87FA-D82F6C1601E7}.Debug|Win32.ActiveCfg = Debug|Any CPU
		{32AAFFC0-6E41-44E8-87FA-D82F6C1601E7}.Release|Any CPU.ActiveCfg = Debug|Any CPU
		{32AAFFC0-6E41-44E8-87FA-D82F6C1601E7}.Release|Any CPU.Build.0 = Debug|Any CPU
		{32AAFFC0-6E41-44E8-87FA-D82F6C1601E7}.Release|Mixed Platforms.ActiveCfg = Debug|Any CPU
		{32AAFFC0-6E41-44E8-87FA-D82F6C1601E7}.Release|Mixed Platforms.Build.0 = Debug|Any CPU
		{32AAFFC0-6E41-44E8-87FA-D82F6C1601E7}.Release|Win32.ActiveCfg = Debug|Any CPU
		{8D28FC27-B9FB-4B2A-956A-24638D75EFCA}.Debug|Any CPU.ActiveCfg = Debug|Any CPU
		{8D28FC27-B9FB-4B2A-956A-24638D75EFCA}.Debug|Any CPU.Build.0 = Debug|Any CPU
		{8D28FC27-B9FB-4B2A-956A-24638D75EFCA}.Debug|Mixed Platforms.ActiveCfg = Debug|Any CPU
		{8D28FC27-B9FB-4B2A-956A-24638D75EFCA}.Debug|Mixed Platforms.Build.0 = Debug|Any CPU
		{8D28FC27-B9FB-4B2A-956A-24638D75EFCA}.Debug|Win32.ActiveCfg = Debug|Any CPU
		{8D28FC27-B9FB-4B2A-956A-24638D75EFCA}.Release|Any CPU.ActiveCfg = Release|Any CPU
		{8D28FC27-B9FB-4B2A-956A-24638D75EFCA}.Release|Any CPU.Build.0 = Release|Any CPU
		{8D28FC27-B9FB-4B2A-956A-24638D75EFCA}.Release|Mixed Platforms.ActiveCfg = Release|Any CPU
		{8D28FC27-B9FB-4B2A-956A-24638D75EFCA}.Release|Mixed Platforms.Build.0 = Release|Any CPU
		{8D28FC27-B9FB-4B2A-956A-24638D75EFCA}.Release|Win32.ActiveCfg = Release|Any CPU
		{0C390870-2B41-4661-BEFA-FBCC40037753}.Debug|Any CPU.ActiveCfg = Debug|Win32
		{0C390870-2B41-4661-BEFA-FBCC40037753}.Debug|Mixed Platforms.ActiveCfg = Debug|Win32
		{0C390870-2B41-4661-BEFA-FBCC40037753}.Debug|Mixed Platforms.Build.0 = Debug|Win32
		{0C390870-2B41-4661-BEFA-FBCC40037753}.Debug|Win32.ActiveCfg = Debug|Win32
		{0C390870-2B41-4661-BEFA-FBCC40037753}.Debug|Win32.Build.0 = Debug|Win32
		{0C390870-2B41-4661-BEFA-FBCC40037753}.Release|Any CPU.ActiveCfg = Release|Win32
		{0C390870-2B41-4661-BEFA-FBCC40037753}.Release|Mixed Platforms.ActiveCfg = Release|Win32
		{0C390870-2B41-4661-BEFA-FBCC40037753}.Release|Mixed Platforms.Build.0 = Release|Win32
		{0C390870-2B41-4661-BEFA-FBCC40037753}.Release|Win32.ActiveCfg = Release|Win32
		{0C390870-2B41-4661-BEFA-FBCC40037753}.Release|Win32.Build.0 = Release|Win32
		{59FA4686-19C9-4C19-87AF-9EAB3B0EB382}.Debug|Any CPU.ActiveCfg = Debug|Any CPU
		{59FA4686-19C9-4C19-87AF-9EAB3B0EB382}.Debug|Any CPU.Build.0 = Debug|Any CPU
		{59FA4686-19C9-4C19-87AF-9EAB3B0EB382}.Debug|Mixed Platforms.ActiveCfg = Debug|Any CPU
		{59FA4686-19C9-4C19-87AF-9EAB3B0EB382}.Debug|Mixed Platforms.Build.0 = Debug|Any CPU
		{59FA4686-19C9-4C19-87AF-9EAB3B0EB382}.Debug|Win32.ActiveCfg = Debug|Any CPU
		{59FA4686-19C9-4C19-87AF-9EAB3B0EB382}.Release|Any CPU.ActiveCfg = Release|Any CPU
		{59FA4686-19C9-4C19-87AF-9EAB3B0EB382}.Release|Any CPU.Build.0 = Release|Any CPU
		{59FA4686-19C9-4C19-87AF-9EAB3B0EB382}.Release|Mixed Platforms.ActiveCfg = Release|Any CPU
		{59FA4686-19C9-4C19-87AF-9EAB3B0EB382}.Release|Mixed Platforms.Build.0 = Release|Any CPU
		{59FA4686-19C9-4C19-87AF-9EAB3B0EB382}.Release|Win32.ActiveCfg = Release|Any CPU
		{6E5A6B60-C9A1-4432-9CA4-3E492F762D06}.Debug|Any CPU.ActiveCfg = Debug|Any CPU
		{6E5A6B60-C9A1-4432-9CA4-3E492F762D06}.Debug|Any CPU.Build.0 = Debug|Any CPU
		{6E5A6B60-C9A1-4432-9CA4-3E492F762D06}.Debug|Mixed Platforms.ActiveCfg = Debug|Any CPU
		{6E5A6B60-C9A1-4432-9CA4-3E492F762D06}.Debug|Mixed Platforms.Build.0 = Debug|Any CPU
		{6E5A6B60-C9A1-4432-9CA4-3E492F762D06}.Debug|Win32.ActiveCfg = Debug|Any CPU
		{6E5A6B60-C9A1-4432-9CA4-3E492F762D06}.Release|Any CPU.ActiveCfg = Release|Any CPU
		{6E5A6B60-C9A1-4432-9CA4-3E492F762D06}.Release|Any CPU.Build.0 = Release|Any CPU
		{6E5A6B60-C9A1-4432-9CA4-3E492F762D06}.Release|Mixed Platforms.ActiveCfg = Release|Any CPU
		{6E5A6B60-C9A1-4432-9CA4-3E492F762D06}.Release|Mixed Platforms.Build.0 = Release|Any CPU
		{6E5A6B60-C9A1-4432-9CA4-3E492F762D06}.Release|Win32.ActiveCfg = Release|Any CPU
	EndGlobalSection
	GlobalSection(SolutionProperties) = preSolution
		HideSolutionNode = FALSE
	EndGlobalSection
EndGlobal
