
Microsoft Visual Studio Solution File, Format Version 10.00
# Visual Studio 2008
Project("{FAE04EC0-301F-11D3-BF4B-00C04F79EFBC}") = "FeatureTest", "FeatureTest\FeatureTest.csproj", "{E629C317-FD10-45B9-81B2-7B4A3514EC7D}"
EndProject
Project("{FAE04EC0-301F-11D3-BF4B-00C04F79EFBC}") = "FeatureTestTest", "FeatureTestTest\FeatureTestTest.csproj", "{05387655-6845-4F49-9604-C6530BCAD10A}"
EndProject
Project("{8BC9CEB8-8B4A-11D0-8D11-00A0C91BC942}") = "ImageMatcher", "ImageMatcher\ImageMatcher.vcproj", "{0C390870-2B41-4661-BEFA-FBCC40037753}"
	ProjectSection(ProjectDependencies) = postProject
		{89924511-7495-4C67-9591-9163726DC4EA} = {89924511-7495-4C67-9591-9163726DC4EA}
	EndProjectSection
EndProject
Project("{8BC9CEB8-8B4A-11D0-8D11-00A0C91BC942}") = "Gabor", "Gabor\Gabor.vcproj", "{D7C77F05-ED22-4B99-B99C-D027A89840CF}"
EndProject
Project("{8BC9CEB8-8B4A-11D0-8D11-00A0C91BC942}") = "Tamura", "Tamura\Tamura.vcproj", "{89924511-7495-4C67-9591-9163726DC4EA}"
EndProject
Project("{8BC9CEB8-8B4A-11D0-8D11-00A0C91BC942}") = "TestMagick", "TestMagick\TestMagick.vcproj", "{F92EF438-0C48-47D5-ADDF-144A4866CA4C}"
EndProject
Project("{8BC9CEB8-8B4A-11D0-8D11-00A0C91BC942}") = "Fourier", "Fourier\Fourier.vcproj", "{C694816A-5500-4D4A-ADA3-8A9D6EAE7D93}"
EndProject
Project("{8BC9CEB8-8B4A-11D0-8D11-00A0C91BC942}") = "MICanny", "MICanny\MICanny.vcproj", "{48902327-348D-4F07-B863-52DC9963002E}"
EndProject
Project("{FAE04EC0-301F-11D3-BF4B-00C04F79EFBC}") = "TestCSharp", "TestCSharp\TestCSharp.csproj", "{7D24B353-5123-42E9-BD7F-5A43824B9F1E}"
EndProject
Project("{8BC9CEB8-8B4A-11D0-8D11-00A0C91BC942}") = "MIHu", "MIHu\MIHu.vcproj", "{B167DF94-54FC-4489-AFE6-77225245F438}"
EndProject
Global
	GlobalSection(SolutionConfigurationPlatforms) = preSolution
		Debug|Any CPU = Debug|Any CPU
		Debug|Mixed Platforms = Debug|Mixed Platforms
		Debug|Win32 = Debug|Win32
		Release|Any CPU = Release|Any CPU
		Release|Mixed Platforms = Release|Mixed Platforms
		Release|Win32 = Release|Win32
	EndGlobalSection
	GlobalSection(ProjectConfigurationPlatforms) = postSolution
		{E629C317-FD10-45B9-81B2-7B4A3514EC7D}.Debug|Any CPU.ActiveCfg = Debug|Any CPU
		{E629C317-FD10-45B9-81B2-7B4A3514EC7D}.Debug|Any CPU.Build.0 = Debug|Any CPU
		{E629C317-FD10-45B9-81B2-7B4A3514EC7D}.Debug|Mixed Platforms.ActiveCfg = Debug|Any CPU
		{E629C317-FD10-45B9-81B2-7B4A3514EC7D}.Debug|Mixed Platforms.Build.0 = Debug|Any CPU
		{E629C317-FD10-45B9-81B2-7B4A3514EC7D}.Debug|Win32.ActiveCfg = Debug|Any CPU
		{E629C317-FD10-45B9-81B2-7B4A3514EC7D}.Release|Any CPU.ActiveCfg = Release|Any CPU
		{E629C317-FD10-45B9-81B2-7B4A3514EC7D}.Release|Any CPU.Build.0 = Release|Any CPU
		{E629C317-FD10-45B9-81B2-7B4A3514EC7D}.Release|Mixed Platforms.ActiveCfg = Release|Any CPU
		{E629C317-FD10-45B9-81B2-7B4A3514EC7D}.Release|Mixed Platforms.Build.0 = Release|Any CPU
		{E629C317-FD10-45B9-81B2-7B4A3514EC7D}.Release|Win32.ActiveCfg = Release|Any CPU
		{05387655-6845-4F49-9604-C6530BCAD10A}.Debug|Any CPU.ActiveCfg = Debug|Any CPU
		{05387655-6845-4F49-9604-C6530BCAD10A}.Debug|Any CPU.Build.0 = Debug|Any CPU
		{05387655-6845-4F49-9604-C6530BCAD10A}.Debug|Mixed Platforms.ActiveCfg = Debug|Any CPU
		{05387655-6845-4F49-9604-C6530BCAD10A}.Debug|Mixed Platforms.Build.0 = Debug|Any CPU
		{05387655-6845-4F49-9604-C6530BCAD10A}.Debug|Win32.ActiveCfg = Debug|Any CPU
		{05387655-6845-4F49-9604-C6530BCAD10A}.Release|Any CPU.ActiveCfg = Release|Any CPU
		{05387655-6845-4F49-9604-C6530BCAD10A}.Release|Any CPU.Build.0 = Release|Any CPU
		{05387655-6845-4F49-9604-C6530BCAD10A}.Release|Mixed Platforms.ActiveCfg = Release|Any CPU
		{05387655-6845-4F49-9604-C6530BCAD10A}.Release|Mixed Platforms.Build.0 = Release|Any CPU
		{05387655-6845-4F49-9604-C6530BCAD10A}.Release|Win32.ActiveCfg = Release|Any CPU
		{0C390870-2B41-4661-BEFA-FBCC40037753}.Debug|Any CPU.ActiveCfg = Debug|Win32
		{0C390870-2B41-4661-BEFA-FBCC40037753}.Debug|Mixed Platforms.ActiveCfg = Debug|Win32
		{0C390870-2B41-4661-BEFA-FBCC40037753}.Debug|Mixed Platforms.Build.0 = Debug|Win32
		{0C390870-2B41-4661-BEFA-FBCC40037753}.Debug|Win32.ActiveCfg = Debug|Win32
		{0C390870-2B41-4661-BEFA-FBCC40037753}.Debug|Win32.Build.0 = Debug|Win32
		{0C390870-2B41-4661-BEFA-FBCC40037753}.Release|Any CPU.ActiveCfg = Release|Win32
		{0C390870-2B41-4661-BEFA-FBCC40037753}.Release|Mixed Platforms.ActiveCfg = Release|Win32
		{0C390870-2B41-4661-BEFA-FBCC40037753}.Release|Mixed Platforms.Build.0 = Release|Win32
		{0C390870-2B41-4661-BEFA-FBCC40037753}.Release|Win32.ActiveCfg = Release|Win32
		{0C390870-2B41-4661-BEFA-FBCC40037753}.Release|Win32.Build.0 = Release|Win32
		{D7C77F05-ED22-4B99-B99C-D027A89840CF}.Debug|Any CPU.ActiveCfg = Debug|Win32
		{D7C77F05-ED22-4B99-B99C-D027A89840CF}.Debug|Mixed Platforms.ActiveCfg = Debug|Win32
		{D7C77F05-ED22-4B99-B99C-D027A89840CF}.Debug|Mixed Platforms.Build.0 = Debug|Win32
		{D7C77F05-ED22-4B99-B99C-D027A89840CF}.Debug|Win32.ActiveCfg = Debug|Win32
		{D7C77F05-ED22-4B99-B99C-D027A89840CF}.Debug|Win32.Build.0 = Debug|Win32
		{D7C77F05-ED22-4B99-B99C-D027A89840CF}.Release|Any CPU.ActiveCfg = Release|Win32
		{D7C77F05-ED22-4B99-B99C-D027A89840CF}.Release|Mixed Platforms.ActiveCfg = Release|Win32
		{D7C77F05-ED22-4B99-B99C-D027A89840CF}.Release|Mixed Platforms.Build.0 = Release|Win32
		{D7C77F05-ED22-4B99-B99C-D027A89840CF}.Release|Win32.ActiveCfg = Release|Win32
		{D7C77F05-ED22-4B99-B99C-D027A89840CF}.Release|Win32.Build.0 = Release|Win32
		{89924511-7495-4C67-9591-9163726DC4EA}.Debug|Any CPU.ActiveCfg = Debug|Win32
		{89924511-7495-4C67-9591-9163726DC4EA}.Debug|Mixed Platforms.ActiveCfg = Debug|Win32
		{89924511-7495-4C67-9591-9163726DC4EA}.Debug|Mixed Platforms.Build.0 = Debug|Win32
		{89924511-7495-4C67-9591-9163726DC4EA}.Debug|Win32.ActiveCfg = Debug|Win32
		{89924511-7495-4C67-9591-9163726DC4EA}.Debug|Win32.Build.0 = Debug|Win32
		{89924511-7495-4C67-9591-9163726DC4EA}.Release|Any CPU.ActiveCfg = Release|Win32
		{89924511-7495-4C67-9591-9163726DC4EA}.Release|Mixed Platforms.ActiveCfg = Release|Win32
		{89924511-7495-4C67-9591-9163726DC4EA}.Release|Mixed Platforms.Build.0 = Release|Win32
		{89924511-7495-4C67-9591-9163726DC4EA}.Release|Win32.ActiveCfg = Release|Win32
		{89924511-7495-4C67-9591-9163726DC4EA}.Release|Win32.Build.0 = Release|Win32
		{F92EF438-0C48-47D5-ADDF-144A4866CA4C}.Debug|Any CPU.ActiveCfg = Debug|Win32
		{F92EF438-0C48-47D5-ADDF-144A4866CA4C}.Debug|Mixed Platforms.ActiveCfg = Debug|Win32
		{F92EF438-0C48-47D5-ADDF-144A4866CA4C}.Debug|Mixed Platforms.Build.0 = Debug|Win32
		{F92EF438-0C48-47D5-ADDF-144A4866CA4C}.Debug|Win32.ActiveCfg = Debug|Win32
		{F92EF438-0C48-47D5-ADDF-144A4866CA4C}.Debug|Win32.Build.0 = Debug|Win32
		{F92EF438-0C48-47D5-ADDF-144A4866CA4C}.Release|Any CPU.ActiveCfg = Release|Win32
		{F92EF438-0C48-47D5-ADDF-144A4866CA4C}.Release|Mixed Platforms.ActiveCfg = Release|Win32
		{F92EF438-0C48-47D5-ADDF-144A4866CA4C}.Release|Mixed Platforms.Build.0 = Release|Win32
		{F92EF438-0C48-47D5-ADDF-144A4866CA4C}.Release|Win32.ActiveCfg = Release|Win32
		{F92EF438-0C48-47D5-ADDF-144A4866CA4C}.Release|Win32.Build.0 = Release|Win32
		{C694816A-5500-4D4A-ADA3-8A9D6EAE7D93}.Debug|Any CPU.ActiveCfg = Debug|Win32
		{C694816A-5500-4D4A-ADA3-8A9D6EAE7D93}.Debug|Mixed Platforms.ActiveCfg = Debug|Win32
		{C694816A-5500-4D4A-ADA3-8A9D6EAE7D93}.Debug|Mixed Platforms.Build.0 = Debug|Win32
		{C694816A-5500-4D4A-ADA3-8A9D6EAE7D93}.Debug|Win32.ActiveCfg = Debug|Win32
		{C694816A-5500-4D4A-ADA3-8A9D6EAE7D93}.Debug|Win32.Build.0 = Debug|Win32
		{C694816A-5500-4D4A-ADA3-8A9D6EAE7D93}.Release|Any CPU.ActiveCfg = Release|Win32
		{C694816A-5500-4D4A-ADA3-8A9D6EAE7D93}.Release|Mixed Platforms.ActiveCfg = Release|Win32
		{C694816A-5500-4D4A-ADA3-8A9D6EAE7D93}.Release|Mixed Platforms.Build.0 = Release|Win32
		{C694816A-5500-4D4A-ADA3-8A9D6EAE7D93}.Release|Win32.ActiveCfg = Release|Win32
		{C694816A-5500-4D4A-ADA3-8A9D6EAE7D93}.Release|Win32.Build.0 = Release|Win32
		{48902327-348D-4F07-B863-52DC9963002E}.Debug|Any CPU.ActiveCfg = Debug|Win32
		{48902327-348D-4F07-B863-52DC9963002E}.Debug|Mixed Platforms.ActiveCfg = Debug|Win32
		{48902327-348D-4F07-B863-52DC9963002E}.Debug|Mixed Platforms.Build.0 = Debug|Win32
		{48902327-348D-4F07-B863-52DC9963002E}.Debug|Win32.ActiveCfg = Debug|Win32
		{48902327-348D-4F07-B863-52DC9963002E}.Debug|Win32.Build.0 = Debug|Win32
		{48902327-348D-4F07-B863-52DC9963002E}.Release|Any CPU.ActiveCfg = Release|Win32
		{48902327-348D-4F07-B863-52DC9963002E}.Release|Mixed Platforms.ActiveCfg = Release|Win32
		{48902327-348D-4F07-B863-52DC9963002E}.Release|Mixed Platforms.Build.0 = Release|Win32
		{48902327-348D-4F07-B863-52DC9963002E}.Release|Win32.ActiveCfg = Release|Win32
		{48902327-348D-4F07-B863-52DC9963002E}.Release|Win32.Build.0 = Release|Win32
		{7D24B353-5123-42E9-BD7F-5A43824B9F1E}.Debug|Any CPU.ActiveCfg = Debug|Any CPU
		{7D24B353-5123-42E9-BD7F-5A43824B9F1E}.Debug|Any CPU.Build.0 = Debug|Any CPU
		{7D24B353-5123-42E9-BD7F-5A43824B9F1E}.Debug|Mixed Platforms.ActiveCfg = Debug|Any CPU
		{7D24B353-5123-42E9-BD7F-5A43824B9F1E}.Debug|Mixed Platforms.Build.0 = Debug|Any CPU
		{7D24B353-5123-42E9-BD7F-5A43824B9F1E}.Debug|Win32.ActiveCfg = Debug|Any CPU
		{7D24B353-5123-42E9-BD7F-5A43824B9F1E}.Release|Any CPU.ActiveCfg = Release|Any CPU
		{7D24B353-5123-42E9-BD7F-5A43824B9F1E}.Release|Any CPU.Build.0 = Release|Any CPU
		{7D24B353-5123-42E9-BD7F-5A43824B9F1E}.Release|Mixed Platforms.ActiveCfg = Release|Any CPU
		{7D24B353-5123-42E9-BD7F-5A43824B9F1E}.Release|Mixed Platforms.Build.0 = Release|Any CPU
		{7D24B353-5123-42E9-BD7F-5A43824B9F1E}.Release|Win32.ActiveCfg = Release|Any CPU
		{B167DF94-54FC-4489-AFE6-77225245F438}.Debug|Any CPU.ActiveCfg = Debug|Win32
		{B167DF94-54FC-4489-AFE6-77225245F438}.Debug|Mixed Platforms.ActiveCfg = Debug|Win32
		{B167DF94-54FC-4489-AFE6-77225245F438}.Debug|Mixed Platforms.Build.0 = Debug|Win32
		{B167DF94-54FC-4489-AFE6-77225245F438}.Debug|Win32.ActiveCfg = Debug|Win32
		{B167DF94-54FC-4489-AFE6-77225245F438}.Debug|Win32.Build.0 = Debug|Win32
		{B167DF94-54FC-4489-AFE6-77225245F438}.Release|Any CPU.ActiveCfg = Release|Win32
		{B167DF94-54FC-4489-AFE6-77225245F438}.Release|Mixed Platforms.ActiveCfg = Release|Win32
		{B167DF94-54FC-4489-AFE6-77225245F438}.Release|Mixed Platforms.Build.0 = Release|Win32
		{B167DF94-54FC-4489-AFE6-77225245F438}.Release|Win32.ActiveCfg = Release|Win32
		{B167DF94-54FC-4489-AFE6-77225245F438}.Release|Win32.Build.0 = Release|Win32
	EndGlobalSection
	GlobalSection(SolutionProperties) = preSolution
		HideSolutionNode = FALSE
	EndGlobalSection
EndGlobal
